<?xml version="1.0" encoding="utf-8"?>
<Project ToolsVersion="4.0" xmlns="http://schemas.microsoft.com/developer/msbuild/2003">
  <ItemGroup>
    <Filter Include="projects\vc14">
      <UniqueIdentifier>{468de052-5379-4ec5-9e8c-f0fd1da689ca}</UniqueIdentifier>
    </Filter>
    <Filter Include="projects">
      <UniqueIdentifier>{5e72019f-51ea-49aa-b910-d72a3ae15dac}</UniqueIdentifier>
    </Filter>
    <Filter Include="bin\base_p">
      <UniqueIdentifier>{b502416f-ebb9-4dae-a0d3-c02c7ed5b19c}</UniqueIdentifier>
    </Filter>
    <Filter Include="bin">
      <UniqueIdentifier>{ebe5910a-38a4-41f8-9f92-6a1d70ad5d66}</UniqueIdentifier>
    </Filter>
    <Filter Include="src">
      <UniqueIdentifier>{34b6cd29-b363-40c6-b098-373811aab748}</UniqueIdentifier>
    </Filter>
    <Filter Include="src\GameScreen">
      <UniqueIdentifier>{cea7f52f-6eb0-456b-ab5c-c9304f3016a4}</UniqueIdentifier>
    </Filter>
    <Filter Include="src\GameScreen\Misc">
      <UniqueIdentifier>{731a8dd7-9cb1-41e0-a2b3-a764674e7bd4}</UniqueIdentifier>
    </Filter>
    <Filter Include="src\GameScreen\Shooter">
      <UniqueIdentifier>{7b8e2316-b873-471c-b559-404d484c349d}</UniqueIdentifier>
    </Filter>
    <Filter Include="src\Utils">
      <UniqueIdentifier>{70cfbf28-9397-4997-aade-d44c83a61161}</UniqueIdentifier>
    </Filter>
  </ItemGroup>
  <ItemGroup>
    <ResourceCompile Include="resource.rc">
      <Filter>projects\vc14</Filter>
    </ResourceCompile>
  </ItemGroup>
  <ItemGroup>
    <Xml Include="..\..\bin\base_p\Layers.xml">
      <Filter>bin\base_p</Filter>
    </Xml>
    <Xml Include="..\..\bin\base_p\Resources.xml">
      <Filter>bin\base_p</Filter>
    </Xml>
  </ItemGroup>
  <ItemGroup>
    <None Include="..\..\bin\base_p\start.lua">
      <Filter>bin\base_p</Filter>
    </None>
  </ItemGroup>
  <ItemGroup>
    <ClCompile Include="..\..\src\Main.cpp">
      <Filter>src</Filter>
    </ClCompile>
    <ClCompile Include="..\..\src\TestAppDelegate.cpp">
      <Filter>src</Filter>
    </ClCompile>
    <ClCompile Include="..\..\src\TestWidget.cpp">
      <Filter>src</Filter>
    </ClCompile>
    <ClCompile Include="..\..\src\stdafx.cpp">
      <Filter>src</Filter>
    </ClCompile>
    <ClCompile Include="..\..\src\GameScreen\GameWidget.cpp">
      <Filter>src\GameScreen</Filter>
    </ClCompile>
    <ClCompile Include="..\..\src\GameScreen\Misc\Balloon.cpp">
      <Filter>src\GameScreen\Misc</Filter>
    </ClCompile>
    <ClCompile Include="..\..\src\GameScreen\Misc\SquareGeneral.cpp">
      <Filter>src\GameScreen\Misc</Filter>
    </ClCompile>
    <ClCompile Include="..\..\src\GameScreen\Misc\SquareLife.cpp">
      <Filter>src\GameScreen\Misc</Filter>
    </ClCompile>
    <ClCompile Include="..\..\src\GameScreen\Misc\SquareSoldier.cpp">
      <Filter>src\GameScreen\Misc</Filter>
    </ClCompile>
    <ClCompile Include="..\..\src\GameScreen\Shooter\Enemy.cpp">
      <Filter>src\GameScreen\Shooter</Filter>
    </ClCompile>
    <ClCompile Include="..\..\src\GameScreen\Shooter\Field.cpp">
      <Filter>src\GameScreen\Shooter</Filter>
    </ClCompile>
    <ClCompile Include="..\..\src\GameScreen\Shooter\Gun.cpp">
      <Filter>src\GameScreen\Shooter</Filter>
    </ClCompile>
    <ClCompile Include="..\..\src\GameScreen\Shooter\Bullet.cpp">
      <Filter>src\GameScreen\Shooter</Filter>
    </ClCompile>
    <ClCompile Include="..\..\src\Utils\FCircle.cpp">
      <Filter>src\Utils</Filter>
    </ClCompile>
    <ClCompile Include="..\..\src\Utils\FLine.cpp">
      <Filter>src\Utils</Filter>
    </ClCompile>
    <ClCompile Include="..\..\src\Utils\Transform.cpp">
      <Filter>src\Utils</Filter>
    </ClCompile>
  </ItemGroup>
  <ItemGroup>
    <ClInclude Include="..\..\src\Constants.h">
      <Filter>src</Filter>
    </ClInclude>
    <ClInclude Include="..\..\src\TestAppDelegate.h">
      <Filter>src</Filter>
    </ClInclude>
    <ClInclude Include="..\..\src\TestWidget.h">
      <Filter>src</Filter>
    </ClInclude>
    <ClInclude Include="..\..\src\stdafx.h">
      <Filter>src</Filter>
    </ClInclude>
    <ClInclude Include="..\..\src\GameScreen\GameWidget.h">
      <Filter>src\GameScreen</Filter>
    </ClInclude>
    <ClInclude Include="..\..\src\GameScreen\Misc\Balloon.h">
      <Filter>src\GameScreen\Misc</Filter>
    </ClInclude>
    <ClInclude Include="..\..\src\GameScreen\Misc\SquareGeneral.h">
      <Filter>src\GameScreen\Misc</Filter>
    </ClInclude>
    <ClInclude Include="..\..\src\GameScreen\Misc\SquareLife.h">
      <Filter>src\GameScreen\Misc</Filter>
    </ClInclude>
    <ClInclude Include="..\..\src\GameScreen\Misc\SquareSoldier.h">
      <Filter>src\GameScreen\Misc</Filter>
    </ClInclude>
    <ClInclude Include="..\..\src\GameScreen\Shooter\Enemy.h">
      <Filter>src\GameScreen\Shooter</Filter>
    </ClInclude>
    <ClInclude Include="..\..\src\GameScreen\Shooter\Field.h">
      <Filter>src\GameScreen\Shooter</Filter>
    </ClInclude>
    <ClInclude Include="..\..\src\GameScreen\Shooter\Gun.h">
      <Filter>src\GameScreen\Shooter</Filter>
    </ClInclude>
    <ClInclude Include="..\..\src\GameScreen\Shooter\Bullet.h">
      <Filter>src\GameScreen\Shooter</Filter>
    </ClInclude>
    <ClInclude Include="..\..\src\Utils\FCircle.h">
      <Filter>src\Utils</Filter>
    </ClInclude>
    <ClInclude Include="..\..\src\Utils\FLine.h">
      <Filter>src\Utils</Filter>
    </ClInclude>
    <ClInclude Include="..\..\src\Utils\MatrixUtils.h">
      <Filter>src\Utils</Filter>
    </ClInclude>
    <ClInclude Include="..\..\src\Utils\Transform.h">
      <Filter>src\Utils</Filter>
    </ClInclude>
    <ClInclude Include="..\..\src\Utils\WireFrameRender.h">
      <Filter>src\Utils</Filter>
    </ClInclude>
  </ItemGroup>
</Project>