<?xml version="1.0" encoding="utf-8"?>
<Project ToolsVersion="4.0" xmlns="http://schemas.microsoft.com/developer/msbuild/2003">
  <ItemGroup>
    <Filter Include="projects\vc14">
      <UniqueIdentifier>{d0a0db2d-da1b-473e-a1d0-fdda4dc23dab}</UniqueIdentifier>
    </Filter>
    <Filter Include="projects">
      <UniqueIdentifier>{f905cd5a-f504-4eee-be2c-0d52d5ee8f4e}</UniqueIdentifier>
    </Filter>
    <Filter Include="bin\base_p">
      <UniqueIdentifier>{8f24dbd0-99c4-4cb7-b983-bb3b095b1905}</UniqueIdentifier>
    </Filter>
    <Filter Include="bin">
      <UniqueIdentifier>{4baa7165-e8bc-4cb7-9eb8-72b95b339b57}</UniqueIdentifier>
    </Filter>
    <Filter Include="bin\base_p\shaders">
      <UniqueIdentifier>{0d67d7b8-ce70-44f5-b601-fa1bc94a1a27}</UniqueIdentifier>
    </Filter>
    <Filter Include="src">
      <UniqueIdentifier>{d2ca3521-f85a-44f7-9873-ac069e21495e}</UniqueIdentifier>
    </Filter>
    <Filter Include="src\GameScreen">
      <UniqueIdentifier>{4bc95503-84a2-46d1-bf81-92b5556343c7}</UniqueIdentifier>
    </Filter>
    <Filter Include="src\GameScreen\Misc">
      <UniqueIdentifier>{4531ed1c-d08b-4f23-8a9a-4f2ee3a88a23}</UniqueIdentifier>
    </Filter>
    <Filter Include="src\GameScreen\Shooter">
      <UniqueIdentifier>{d9ab9226-c8a0-4b34-85cb-d6cd75e99b7e}</UniqueIdentifier>
    </Filter>
    <Filter Include="src\Utils">
      <UniqueIdentifier>{ddb216d5-af2a-4f72-b8c8-bcf88456f769}</UniqueIdentifier>
    </Filter>
  </ItemGroup>
  <ItemGroup>
    <ResourceCompile Include="resource.rc">
      <Filter>projects\vc14</Filter>
    </ResourceCompile>
  </ItemGroup>
  <ItemGroup>
    <Text Include="..\..\bin\base_p\input.txt">
      <Filter>bin\base_p</Filter>
    </Text>
  </ItemGroup>
  <ItemGroup>
    <Xml Include="..\..\bin\base_p\Layers.xml">
      <Filter>bin\base_p</Filter>
    </Xml>
    <Xml Include="..\..\bin\base_p\Resources.xml">
      <Filter>bin\base_p</Filter>
    </Xml>
  </ItemGroup>
  <ItemGroup>
    <None Include="..\..\bin\base_p\start.lua">
      <Filter>bin\base_p</Filter>
    </None>
  </ItemGroup>
  <ItemGroup>
    <ClCompile Include="..\..\src\Main.cpp">
      <Filter>src</Filter>
    </ClCompile>
    <ClCompile Include="..\..\src\Options.cpp">
      <Filter>src</Filter>
    </ClCompile>
    <ClCompile Include="..\..\src\TestAppDelegate.cpp">
      <Filter>src</Filter>
    </ClCompile>
    <ClCompile Include="..\..\src\stdafx.cpp">
      <Filter>src</Filter>
    </ClCompile>
    <ClCompile Include="..\..\src\GameScreen\GameWidget.cpp">
      <Filter>src\GameScreen</Filter>
    </ClCompile>
    <ClCompile Include="..\..\src\GameScreen\RestartGameWidget.cpp">
      <Filter>src\GameScreen</Filter>
    </ClCompile>
    <ClCompile Include="..\..\src\GameScreen\Misc\Balloon.cpp">
      <Filter>src\GameScreen\Misc</Filter>
    </ClCompile>
    <ClCompile Include="..\..\src\GameScreen\Misc\EnemyLabel.cpp">
      <Filter>src\GameScreen\Misc</Filter>
    </ClCompile>
    <ClCompile Include="..\..\src\GameScreen\Misc\Replics.cpp">
      <Filter>src\GameScreen\Misc</Filter>
    </ClCompile>
    <ClCompile Include="..\..\src\GameScreen\Misc\SquareGeneral.cpp">
      <Filter>src\GameScreen\Misc</Filter>
    </ClCompile>
    <ClCompile Include="..\..\src\GameScreen\Misc\SquareLife.cpp">
      <Filter>src\GameScreen\Misc</Filter>
    </ClCompile>
    <ClCompile Include="..\..\src\GameScreen\Misc\SquareSoldier.cpp">
      <Filter>src\GameScreen\Misc</Filter>
    </ClCompile>
    <ClCompile Include="..\..\src\GameScreen\Misc\TimeLabel.cpp">
      <Filter>src\GameScreen\Misc</Filter>
    </ClCompile>
    <ClCompile Include="..\..\src\GameScreen\Shooter\Bullet.cpp">
      <Filter>src\GameScreen\Shooter</Filter>
    </ClCompile>
    <ClCompile Include="..\..\src\GameScreen\Shooter\Enemy.cpp">
      <Filter>src\GameScreen\Shooter</Filter>
    </ClCompile>
    <ClCompile Include="..\..\src\GameScreen\Shooter\Field.cpp">
      <Filter>src\GameScreen\Shooter</Filter>
    </ClCompile>
    <ClCompile Include="..\..\src\GameScreen\Shooter\Gun.cpp">
      <Filter>src\GameScreen\Shooter</Filter>
    </ClCompile>
    <ClCompile Include="..\..\src\GameScreen\Shooter\Spawner.cpp">
      <Filter>src\GameScreen\Shooter</Filter>
    </ClCompile>
    <ClCompile Include="..\..\src\Utils\FCircle.cpp">
      <Filter>src\Utils</Filter>
    </ClCompile>
    <ClCompile Include="..\..\src\Utils\FLine.cpp">
      <Filter>src\Utils</Filter>
    </ClCompile>
    <ClCompile Include="..\..\src\Utils\Transform.cpp">
      <Filter>src\Utils</Filter>
    </ClCompile>
    <ClCompile Include="..\..\src\Utils\BlurEffect.cpp">
      <Filter>src\Utils</Filter>
    </ClCompile>
    <ClCompile Include="..\..\src\Utils\NeonColors.cpp">
      <Filter>src\Utils</Filter>
    </ClCompile>
    <ClCompile Include="..\..\src\Utils\WireFrameRender.cpp">
      <Filter>src\Utils</Filter>
    </ClCompile>
  </ItemGroup>
  <ItemGroup>
    <ClInclude Include="..\..\src\Constants.h">
      <Filter>src</Filter>
    </ClInclude>
    <ClInclude Include="..\..\src\Options.h">
      <Filter>src</Filter>
    </ClInclude>
    <ClInclude Include="..\..\src\TestAppDelegate.h">
      <Filter>src</Filter>
    </ClInclude>
    <ClInclude Include="..\..\src\stdafx.h">
      <Filter>src</Filter>
    </ClInclude>
    <ClInclude Include="..\..\src\GameScreen\GameWidget.h">
      <Filter>src\GameScreen</Filter>
    </ClInclude>
    <ClInclude Include="..\..\src\GameScreen\RestartGameWidget.h">
      <Filter>src\GameScreen</Filter>
    </ClInclude>
    <ClInclude Include="..\..\src\GameScreen\Misc\Balloon.h">
      <Filter>src\GameScreen\Misc</Filter>
    </ClInclude>
    <ClInclude Include="..\..\src\GameScreen\Misc\EnemyLabel.h">
      <Filter>src\GameScreen\Misc</Filter>
    </ClInclude>
    <ClInclude Include="..\..\src\GameScreen\Misc\Replics.h">
      <Filter>src\GameScreen\Misc</Filter>
    </ClInclude>
    <ClInclude Include="..\..\src\GameScreen\Misc\SquareGeneral.h">
      <Filter>src\GameScreen\Misc</Filter>
    </ClInclude>
    <ClInclude Include="..\..\src\GameScreen\Misc\SquareLife.h">
      <Filter>src\GameScreen\Misc</Filter>
    </ClInclude>
    <ClInclude Include="..\..\src\GameScreen\Misc\SquareSoldier.h">
      <Filter>src\GameScreen\Misc</Filter>
    </ClInclude>
    <ClInclude Include="..\..\src\GameScreen\Misc\TimeLabel.h">
      <Filter>src\GameScreen\Misc</Filter>
    </ClInclude>
    <ClInclude Include="..\..\src\GameScreen\Shooter\Bullet.h">
      <Filter>src\GameScreen\Shooter</Filter>
    </ClInclude>
    <ClInclude Include="..\..\src\GameScreen\Shooter\Enemy.h">
      <Filter>src\GameScreen\Shooter</Filter>
    </ClInclude>
    <ClInclude Include="..\..\src\GameScreen\Shooter\Field.h">
      <Filter>src\GameScreen\Shooter</Filter>
    </ClInclude>
    <ClInclude Include="..\..\src\GameScreen\Shooter\Gun.h">
      <Filter>src\GameScreen\Shooter</Filter>
    </ClInclude>
    <ClInclude Include="..\..\src\GameScreen\Shooter\Spawner.h">
      <Filter>src\GameScreen\Shooter</Filter>
    </ClInclude>
    <ClInclude Include="..\..\src\Utils\FCircle.h">
      <Filter>src\Utils</Filter>
    </ClInclude>
    <ClInclude Include="..\..\src\Utils\FLine.h">
      <Filter>src\Utils</Filter>
    </ClInclude>
    <ClInclude Include="..\..\src\Utils\Timer.h">
      <Filter>src\Utils</Filter>
    </ClInclude>
    <ClInclude Include="..\..\src\Utils\Transform.h">
      <Filter>src\Utils</Filter>
    </ClInclude>
    <ClInclude Include="..\..\src\Utils\WireFrameRender.h">
      <Filter>src\Utils</Filter>
    </ClInclude>
    <ClInclude Include="..\..\src\Utils\BlurEffect.h">
      <Filter>src\Utils</Filter>
    </ClInclude>
    <ClInclude Include="..\..\src\Utils\NeonColors.h">
      <Filter>src\Utils</Filter>
    </ClInclude>
  </ItemGroup>
</Project>